lockfileVersion: '9.0'

settings:
  autoInstallPeers: true
  excludeLinksFromLockfile: false

importers:

  .:
    dependencies:
      safe-stable-stringify:
        specifier: ^2.5.0
        version: 2.5.0
      tagged-tag:
        specifier: ^1.0.0
        version: 1.0.0
      type-fest:
        specifier: ^5.3.1
        version: 5.3.1
      type-party:
        specifier: ^0.7.3
        version: 0.7.3
    devDependencies:
      '@types/node':
        specifier: ^22.10.1
        version: 22.19.3
      typescript:
        specifier: ^5.9.3
        version: 5.9.3

packages:

  '@types/node@22.19.3':
    resolution: {integrity: sha512-1N9SBnWYOJTrNZCdh/yJE+t910Y128BoyY+zBLWhL3r0TYzlTmFdXrPwHL9DyFZmlEXNQQolTZh3KHV31QDhyA==}

  safe-stable-stringify@2.5.0:
    resolution: {integrity: sha512-b3rppTKm9T+PsVCBEOUR46GWI7fdOs00VKZ1+9c1EWDaDMvjQc6tUwuFyIprgGgTcWoVHSKrU8H31ZHA2e0RHA==}
    engines: {node: '>=10'}

  tagged-tag@1.0.0:
    resolution: {integrity: sha512-yEFYrVhod+hdNyx7g5Bnkkb0G6si8HJurOoOEgC8B/O0uXLHlaey/65KRv6cuWBNhBgHKAROVpc7QyYqE5gFng==}
    engines: {node: '>=20'}

  type-fest@5.3.1:
    resolution: {integrity: sha512-VCn+LMHbd4t6sF3wfU/+HKT63C9OoyrSIf4b+vtWHpt2U7/4InZG467YDNMFMR70DdHjAdpPWmw2lzRdg0Xqqg==}
    engines: {node: '>=20'}

  type-party@0.7.3:
    resolution: {integrity: sha512-6IuzC5bi896TXv23XuN2b5eGPMX+KeU40fKz0QlEeT/qeaafG+pZa1ArhprSCufQ/aej9K1RZF930by0if+UyA==}

  typescript@5.9.3:
    resolution: {integrity: sha512-jl1vZzPDinLr9eUt3J/t7V6FgNEw9QjvBPdysz9KfQDD41fQrC2Y4vKQdiaUpFT4bXlb1RHhLpp8wtm6M5TgSw==}
    engines: {node: '>=14.17'}
    hasBin: true

  undici-types@6.21.0:
    resolution: {integrity: sha512-iwDZqg0QAGrg9Rav5H4n0M64c3mkR59cJ6wQp+7C4nI0gsmExaedaYLNO44eT4AtBBwjbTiGPMlt2Md0T9H9JQ==}

snapshots:

  '@types/node@22.19.3':
    dependencies:
      undici-types: 6.21.0

  safe-stable-stringify@2.5.0: {}

  tagged-tag@1.0.0: {}

  type-fest@5.3.1:
    dependencies:
      tagged-tag: 1.0.0

  type-party@0.7.3:
    dependencies:
      safe-stable-stringify: 2.5.0
      type-fest: 5.3.1

  typescript@5.9.3: {}

  undici-types@6.21.0: {}
